
Microsoft Visual Studio Solution File, Format Version 12.00
# Visual Studio Version 17
VisualStudioVersion = 17.0.32112.339
MinimumVisualStudioVersion = 10.0.40219.1
Project("{9A19103F-16F7-4668-BE54-9A1E7A4F7556}") = "nordelta.cobra.webapi", "nordelta.cobra.webapi\nordelta.cobra.webapi.csproj", "{4DAF6CA5-FF8A-4AA5-B7F8-F3289D2CBEE3}"
EndProject
Project("{9A19103F-16F7-4668-BE54-9A1E7A4F7556}") = "nordelta.cobra.webapi.tests", "nordelta.cobra.webapi.tests\nordelta.cobra.webapi.tests.csproj", "{626CDF1C-15F0-4654-8386-739794039DFA}"
EndProject
Global
	GlobalSection(SolutionConfigurationPlatforms) = preSolution
		Debug|Any CPU = Debug|Any CPU
		Release|Any CPU = Release|Any CPU
	EndGlobalSection
	GlobalSection(ProjectConfigurationPlatforms) = postSolution
		{4DAF6CA5-FF8A-4AA5-B7F8-F3289D2CBEE3}.Debug|Any CPU.ActiveCfg = Debug|Any CPU
		{4DAF6CA5-FF8A-4AA5-B7F8-F3289D2CBEE3}.Debug|Any CPU.Build.0 = Debug|Any CPU
		{4DAF6CA5-FF8A-4AA5-B7F8-F3289D2CBEE3}.Release|Any CPU.ActiveCfg = Release|Any CPU
		{4DAF6CA5-FF8A-4AA5-B7F8-F3289D2CBEE3}.Release|Any CPU.Build.0 = Release|Any CPU
		{626CDF1C-15F0-4654-8386-739794039DFA}.Debug|Any CPU.ActiveCfg = Debug|Any CPU
		{626CDF1C-15F0-4654-8386-739794039DFA}.Debug|Any CPU.Build.0 = Debug|Any CPU
		{626CDF1C-15F0-4654-8386-739794039DFA}.Release|Any CPU.ActiveCfg = Release|Any CPU
		{626CDF1C-15F0-4654-8386-739794039DFA}.Release|Any CPU.Build.0 = Release|Any CPU
	EndGlobalSection
	GlobalSection(SolutionProperties) = preSolution
		HideSolutionNode = FALSE
	EndGlobalSection
	GlobalSection(ExtensibilityGlobals) = postSolution
		SolutionGuid = {49942884-BEC2-4AE4-B5A7-F79A062273FF}
	EndGlobalSection
EndGlobal
